
Microsoft Visual Studio Solution File, Format Version 12.00
# Visual Studio Version 17
VisualStudioVersion = 17.0.31912.275
MinimumVisualStudioVersion = 10.0.40219.1
Project("{9A19103F-16F7-4668-BE54-9A1E7A4F7556}") = "OnlineShop.Recomendation", "OnlineShop.Recomendation\OnlineShop.Recomendation.csproj", "{A2D52DBD-317C-4DF9-812B-54C729F3CBF1}"
EndProject
Global
	GlobalSection(SolutionConfigurationPlatforms) = preSolution
		Debug|Any CPU = Debug|Any CPU
		Release|Any CPU = Release|Any CPU
	EndGlobalSection
	GlobalSection(ProjectConfigurationPlatforms) = postSolution
		{A2D52DBD-317C-4DF9-812B-54C729F3CBF1}.Debug|Any CPU.ActiveCfg = Debug|Any CPU
		{A2D52DBD-317C-4DF9-812B-54C729F3CBF1}.Debug|Any CPU.Build.0 = Debug|Any CPU
		{A2D52DBD-317C-4DF9-812B-54C729F3CBF1}.Release|Any CPU.ActiveCfg = Release|Any CPU
		{A2D52DBD-317C-4DF9-812B-54C729F3CBF1}.Release|Any CPU.Build.0 = Release|Any CPU
	EndGlobalSection
	GlobalSection(SolutionProperties) = preSolution
		HideSolutionNode = FALSE
	EndGlobalSection
	GlobalSection(ExtensibilityGlobals) = postSolution
		SolutionGuid = {860C1B13-A5B1-488F-B973-70D26CCC7F5E}
	EndGlobalSection
EndGlobal
